{
	"name": "@isopodlabs/binary_libs",
	"version": "1.9.0",
	"lockfileVersion": 3,
	"requires": true,
	"packages": {
		"": {
			"name": "@isopodlabs/binary_libs",
			"version": "1.9.0",
			"license": "MIT",
			"dependencies": {
				"@isopodlabs/binary": "^2.0.1"
			}
		},
		"node_modules/@isopodlabs/binary": {
			"version": "2.0.1",
			"resolved": "https://registry.npmjs.org/@isopodlabs/binary/-/binary-2.0.1.tgz",
			"integrity": "sha512-QRjuEalY9BQFtZcyRtNpUEyLktwKDEQaadPe8ThGfjOUbHLhfMHmXVdhRhfkz+9F19a4nNe3jdigiagIwHszvg==",
			"license": "MIT",
			"bin": {
				"copy-file": "scripts/copy-file.js"
			}
		}
	}
}
