{
	"name": "@isopodlabs/binary_libs",
	"version": "1.8.1",
	"lockfileVersion": 3,
	"requires": true,
	"packages": {
		"": {
			"name": "@isopodlabs/binary_libs",
			"version": "1.8.1",
			"license": "MIT",
			"dependencies": {
				"@isopodlabs/binary": "^1.11.0"
			}
		},
		"node_modules/@isopodlabs/binary": {
			"version": "1.11.0",
			"resolved": "https://registry.npmjs.org/@isopodlabs/binary/-/binary-1.11.0.tgz",
			"integrity": "sha512-026lgo3JejxXHNZOyEyGEHnKKikA3UHA6BOX9Dc8vZsASSjYGb7l6tka7aww2MGogZQfn5fE8e/faIyvOL/stQ==",
			"license": "MIT",
			"bin": {
				"copy-file": "scripts/copy-file.js"
			}
		}
	}
}
